Microsoft Visual Studio Solution File, Format Version 11.00
# Visual Studio 2008

Project("{7D44BD79-2D95-BE65-0B46-F8EC6412599D}") = "gitaroo", "Assembly-CSharp.csproj", "{603F489B-EF3F-67CA-0A57-7E469B89541D}"
EndProject
Global
	GlobalSection(SolutionConfigurationPlatforms) = preSolution
		Debug|Any CPU = Debug|Any CPU
		Release|Any CPU = Release|Any CPU
	EndGlobalSection
	GlobalSection(ProjectConfigurationPlatforms) = postSolution
		{603F489B-EF3F-67CA-0A57-7E469B89541D}.Debug|Any CPU.ActiveCfg = Debug|Any CPU
		{603F489B-EF3F-67CA-0A57-7E469B89541D}.Debug|Any CPU.Build.0 = Debug|Any CPU
		{603F489B-EF3F-67CA-0A57-7E469B89541D}.Release|Any CPU.ActiveCfg = Release|Any CPU
		{603F489B-EF3F-67CA-0A57-7E469B89541D}.Release|Any CPU.Build.0 = Release|Any CPU
	EndGlobalSection
	GlobalSection(SolutionProperties) = preSolution
		HideSolutionNode = FALSE
	EndGlobalSection
	GlobalSection(MonoDevelopProperties) = preSolution
		StartupItem = Assembly-CSharp.csproj
	EndGlobalSection
EndGlobal
